
Microsoft Visual Studio Solution File, Format Version 12.00
# Visual Studio Version 16
VisualStudioVersion = 16.0.29911.84
MinimumVisualStudioVersion = 10.0.40219.1
Project("{FAE04EC0-301F-11D3-BF4B-00C04F79EFBC}") = "assignment(club)", "assignment(club).csproj", "{236C7E08-EFE1-40C2-9A73-58105B894366}"
EndProject
Global
	GlobalSection(SolutionConfigurationPlatforms) = preSolution
		Debug|Any CPU = Debug|Any CPU
		Release|Any CPU = Release|Any CPU
	EndGlobalSection
	GlobalSection(ProjectConfigurationPlatforms) = postSolution
		{236C7E08-EFE1-40C2-9A73-58105B894366}.Debug|Any CPU.ActiveCfg = Debug|Any CPU
		{236C7E08-EFE1-40C2-9A73-58105B894366}.Debug|Any CPU.Build.0 = Debug|Any CPU
		{236C7E08-EFE1-40C2-9A73-58105B894366}.Release|Any CPU.ActiveCfg = Release|Any CPU
		{236C7E08-EFE1-40C2-9A73-58105B894366}.Release|Any CPU.Build.0 = Release|Any CPU
	EndGlobalSection
	GlobalSection(SolutionProperties) = preSolution
		HideSolutionNode = FALSE
	EndGlobalSection
	GlobalSection(ExtensibilityGlobals) = postSolution
		SolutionGuid = {F25E69FE-4D1A-4CEB-8176-0FD6DDD74CD0}
	EndGlobalSection
EndGlobal
